
Microsoft Visual Studio Solution File, Format Version 12.00
# Visual Studio Version 16
VisualStudioVersion = 25.0.1706.12
MinimumVisualStudioVersion = 10.0.40219.1
Project("{FAE04EC0-301F-11D3-BF4B-00C04F79EFBC}") = "ExcelExtractor", "ExcelExtractor\ExcelExtractor.csproj", "{DCE8C70F-B91F-4E7E-9D36-3769E7376A5A}"
EndProject
Global
	GlobalSection(SolutionConfigurationPlatforms) = preSolution
		Debug|Any CPU = Debug|Any CPU
		Release|Any CPU = Release|Any CPU
	EndGlobalSection
	GlobalSection(ProjectConfigurationPlatforms) = postSolution
		{DCE8C70F-B91F-4E7E-9D36-3769E7376A5A}.Debug|Any CPU.ActiveCfg = Debug|Any CPU
		{DCE8C70F-B91F-4E7E-9D36-3769E7376A5A}.Debug|Any CPU.Build.0 = Debug|Any CPU
		{DCE8C70F-B91F-4E7E-9D36-3769E7376A5A}.Release|Any CPU.ActiveCfg = Release|Any CPU
		{DCE8C70F-B91F-4E7E-9D36-3769E7376A5A}.Release|Any CPU.Build.0 = Release|Any CPU
	EndGlobalSection
	GlobalSection(SolutionProperties) = preSolution
		HideSolutionNode = FALSE
	EndGlobalSection
	GlobalSection(ExtensibilityGlobals) = postSolution
		SolutionGuid = {65489549-D2D3-4214-A6E4-CB30E27C391C}
	EndGlobalSection
EndGlobal
